lockfileVersion: '9.0'

settings:
  autoInstallPeers: true
  excludeLinksFromLockfile: false

importers:

  .:
    devDependencies:
      typescript:
        specifier: 5.8.3
        version: 5.8.3

  apps/local:
    dependencies:
      '@takazudo/zfb-runtime':
        specifier: 3.1.0
        version: 3.1.0(@takazudo/zfb@3.1.0)
    devDependencies:
      '@takazudo/zfb':
        specifier: 3.1.0
        version: 3.1.0

  apps/showcase:
    dependencies:
      '@takazudo/zfb-runtime':
        specifier: 3.1.0
        version: 3.1.0(@takazudo/zfb@3.1.0)
    devDependencies:
      '@takazudo/zfb':
        specifier: 3.1.0
        version: 3.1.0

packages:

  '@takazudo/zfb-darwin-arm64@3.1.0':
    resolution: {integrity: sha512-tL+DHfxRfp9EJ6U8xxdzPXTNosOvqdu+oH/GJQoUliQVkuP068U4TZPhdfq1B8y2kBenBuUTafnunvlvKf/0fQ==}
    cpu: [arm64]
    os: [darwin]

  '@takazudo/zfb-darwin-x64@3.1.0':
    resolution: {integrity: sha512-3tEcU2G31sUfsexL62CFTqiWAZ4nUGYH7y9IWVgNDEBDzwGBzSBytmutnh+xUJLHhI2Apa7d1o79iA4bvbov2Q==}
    cpu: [x64]
    os: [darwin]

  '@takazudo/zfb-linux-arm64-gnu@3.1.0':
    resolution: {integrity: sha512-vHb55CD3UrmDEGzNdMzsoVp5CWIY0gvV52KYvsm3rXLXJN1iYznJLJAPJVWFv3mX+QZW06TiRtCcud/a6JlSEg==}
    cpu: [arm64]
    os: [linux]

  '@takazudo/zfb-linux-x64-gnu@3.1.0':
    resolution: {integrity: sha512-Vk0ntUnC/gYoO6mK5NdNNAoSd8zb3JF8w6QacI9kvJKeWvBSlTI1wfSg/A+3x1q3+xLyGCMGs8XJj/q9uT8Uvg==}
    cpu: [x64]
    os: [linux]

  '@takazudo/zfb-runtime@3.1.0':
    resolution: {integrity: sha512-ript+XYTbrPNemJM91+k+ugnEbuq85Bfro1CpWM3kicZbboO7AmKlNIXQkAuktEujNUwCOX+t1vI6NCKMAnP8A==}
    engines: {node: '>=22.0.0', pnpm: '>=10.0.0'}
    peerDependencies:
      '@takazudo/zfb': 3.1.0

  '@takazudo/zfb-win32-x64-msvc@3.1.0':
    resolution: {integrity: sha512-9zLFwQIkKdzrIfZNAERjFmZeJYlq+fpKYjjalEYmcMGA6tCIVRejtHcDo1Abq1Mjeib5y4aN8aj3L/ivN0j72w==}
    cpu: [x64]
    os: [win32]

  '@takazudo/zfb@3.1.0':
    resolution: {integrity: sha512-i5Vfj+C0cP1tdRHh5CT3qdPFI4ZfV9Wibufm9LXcTNwElZcG7477sUZiLxVqJDcEXLugoVxU3pNKJBJx7sIpJw==}
    engines: {node: '>=22.0.0', pnpm: '>=10.0.0'}
    hasBin: true

  hono@4.13.12:
    resolution: {integrity: sha512-6E2QDAc9Ick9Sq77ZrGS/dk2WUYni91aufTw6LJKpV7w8kW5/GxVUc650FOADOmlwg3K+f7Pun6XlV+pYmW6gw==}
    engines: {node: '>=16.9.0'}

  typescript@5.8.3:
    resolution: {integrity: sha512-p1diW6TqL9L07nNxvRMM7hMMw4c5XOo/1ibL4aAIGmSAt9slTE1Xgw5KWuof2uTOvCg9BY7ZRi+GaF+7sfgPeQ==}
    engines: {node: '>=14.17'}
    hasBin: true

snapshots:

  '@takazudo/zfb-darwin-arm64@3.1.0':
    optional: true

  '@takazudo/zfb-darwin-x64@3.1.0':
    optional: true

  '@takazudo/zfb-linux-arm64-gnu@3.1.0':
    optional: true

  '@takazudo/zfb-linux-x64-gnu@3.1.0':
    optional: true

  '@takazudo/zfb-runtime@3.1.0(@takazudo/zfb@3.1.0)':
    dependencies:
      '@takazudo/zfb': 3.1.0
      hono: 4.13.12

  '@takazudo/zfb-win32-x64-msvc@3.1.0':
    optional: true

  '@takazudo/zfb@3.1.0':
    optionalDependencies:
      '@takazudo/zfb-darwin-arm64': 3.1.0
      '@takazudo/zfb-darwin-x64': 3.1.0
      '@takazudo/zfb-linux-arm64-gnu': 3.1.0
      '@takazudo/zfb-linux-x64-gnu': 3.1.0
      '@takazudo/zfb-win32-x64-msvc': 3.1.0

  hono@4.13.12: {}

  typescript@5.8.3: {}
